version = 1
revision = 3
requires-python = "==3.14.*"

[[package]]
name = "sigil-sketch"
version = "0.1.0a9"
source = { editable = "../../../python/sigil" }

[package.metadata]
requires-dist = [{ name = "numpy", marker = "extra == 'studies'", specifier = ">=2.0" }]
provides-extras = ["studies"]

[package.metadata.requires-dev]
typing = [
    { name = "basedpyright", specifier = "==1.40.1" },
    { name = "pybind11-stubgen", specifier = "==2.5.5" },
]

[[package]]
name = "spell-circle"
version = "0.1.0"
source = { editable = "." }
dependencies = [
    { name = "sigil-sketch" },
]

[package.metadata]
requires-dist = [{ name = "sigil-sketch", editable = "../../../python/sigil" }]
